// !$*UTF8*$!
{
	archiveVersion = 1;
	classes = {
	};
	objectVersion = 46;
	objects = {

/* Begin PBXBuildFile section */
		43C5016A19F03CA800131F71 /* main.m in Sources */ = {isa = PBXBuildFile; fileRef = 43C5016919F03CA800131F71 /* main.m */; };
		43C5016D19F03CA800131F71 /* AppDelegate.m in Sources */ = {isa = PBXBuildFile; fileRef = 43C5016C19F03CA800131F71 /* AppDelegate.m */; };
		43C5017519F03CA800131F71 /* Images.xcassets in Resources */ = {isa = PBXBuildFile; fileRef = 43C5017419F03CA800131F71 /* Images.xcassets */; };
		43C5018419F03CA800131F71 /* BNRHypnotiserTests.m in Sources */ = {isa = PBXBuildFile; fileRef = 43C5018319F03CA800131F71 /* BNRHypnotiserTests.m */; };
		43C5018F19F03D2C00131F71 /* BNRHypnosisView.m in Sources */ = {isa = PBXBuildFile; fileRef = 43C5018E19F03D2C00131F71 /* BNRHypnosisView.m */; };
		43C5019119F03DF000131F71 /* Default-568h@2x.png in Resources */ = {isa = PBXBuildFile; fileRef = 43C5019019F03DF000131F71 /* Default-568h@2x.png */; };
		43C5019319F0742200131F71 /* mila-kunis-smile.jpg in Resources */ = {isa = PBXBuildFile; fileRef = 43C5019219F0742200131F71 /* mila-kunis-smile.jpg */; };
/* End PBXBuildFile section */

/* Begin PBXContainerItemProxy section */
		43C5017E19F03CA800131F71 /* PBXContainerItemProxy */ = {
			isa = PBXContainerItemProxy;
			containerPortal = 43C5015C19F03CA700131F71 /* Project object */;
			proxyType = 1;
			remoteGlobalIDString = 43C5016319F03CA700131F71;
			remoteInfo = BNRHypnotiser;
		};
/* End PBXContainerItemProxy section */

/* Begin PBXFileReference section */
		43C5016419F03CA800131F71 /* BNRHypnotiser.app */ = {isa = PBXFileReference; explicitFileType = wrapper.application; includeInIndex = 0; path = BNRHypnotiser.app; sourceTree = BUILT_PRODUCTS_DIR; };
		43C5016819F03CA800131F71 /* Info.plist */ = {isa = PBXFileReference; lastKnownFileType = text.plist.xml; path = Info.plist; sourceTree = "<group>"; };
		43C5016919F03CA800131F71 /* main.m */ = {isa = PBXFileReference; lastKnownFileType = sourcecode.c.objc; path = main.m; sourceTree = "<group>"; };
		43C5016B19F03CA800131F71 /* AppDelegate.h */ = {isa = PBXFileReference; lastKnownFileType = sourcecode.c.h; path = AppDelegate.h; sourceTree = "<group>"; };
		43C5016C19F03CA800131F71 /* AppDelegate.m */ = {isa = PBXFileReference; lastKnownFileType = sourcecode.c.objc; path = AppDelegate.m; sourceTree = "<group>"; };
		43C5017419F03CA800131F71 /* Images.xcassets */ = {isa = PBXFileReference; lastKnownFileType = folder.assetcatalog; path = Images.xcassets; sourceTree = "<group>"; };
		43C5017D19F03CA800131F71 /* BNRHypnotiserTests.xctest */ = {isa = PBXFileReference; explicitFileType = wrapper.cfbundle; includeInIndex = 0; path = BNRHypnotiserTests.xctest; sourceTree = BUILT_PRODUCTS_DIR; };
		43C5018219F03CA800131F71 /* Info.plist */ = {isa = PBXFileReference; lastKnownFileType = text.plist.xml; path = Info.plist; sourceTree = "<group>"; };
		43C5018319F03CA800131F71 /* BNRHypnotiserTests.m */ = {isa = PBXFileReference; lastKnownFileType = sourcecode.c.objc; path = BNRHypnotiserTests.m; sourceTree = "<group>"; };
		43C5018D19F03D2C00131F71 /* BNRHypnosisView.h */ = {isa = PBXFileReference; fileEncoding = 4; lastKnownFileType = sourcecode.c.h; path = BNRHypnosisView.h; sourceTree = "<group>"; };
		43C5018E19F03D2C00131F71 /* BNRHypnosisView.m */ = {isa = PBXFileReference; fileEncoding = 4; lastKnownFileType = sourcecode.c.objc; path = BNRHypnosisView.m; sourceTree = "<group>"; };
		43C5019019F03DF000131F71 /* Default-568h@2x.png */ = {isa = PBXFileReference; lastKnownFileType = image.png; path = "Default-568h@2x.png"; sourceTree = "<group>"; };
		43C5019219F0742200131F71 /* mila-kunis-smile.jpg */ = {isa = PBXFileReference; lastKnownFileType = image.jpeg; name = "mila-kunis-smile.jpg"; path = "../../../mila-kunis-smile.jpg"; sourceTree = "<group>"; };
/* End PBXFileReference section */

/* Begin PBXFrameworksBuildPhase section */
		43C5016119F03CA700131F71 /* Frameworks */ = {
			isa = PBXFrameworksBuildPhase;
			buildActionMask = 2147483647;
			files = (
			);
			runOnlyForDeploymentPostprocessing = 0;
		};
		43C5017A19F03CA800131F71 /* Frameworks */ = {
			isa = PBXFrameworksBuildPhase;
			buildActionMask = 2147483647;
			files = (
			);
			runOnlyForDeploymentPostprocessing = 0;
		};
/* End PBXFrameworksBuildPhase section */

/* Begin PBXGroup section */
		43C5015B19F03CA700131F71 = {
			isa = PBXGroup;
			children = (
				43C5019019F03DF000131F71 /* Default-568h@2x.png */,
				43C5016619F03CA800131F71 /* BNRHypnotiser */,
				43C5018019F03CA800131F71 /* BNRHypnotiserTests */,
				43C5016519F03CA800131F71 /* Products */,
			);
			sourceTree = "<group>";
		};
		43C5016519F03CA800131F71 /* Products */ = {
			isa = PBXGroup;
			children = (
				43C5016419F03CA800131F71 /* BNRHypnotiser.app */,
				43C5017D19F03CA800131F71 /* BNRHypnotiserTests.xctest */,
			);
			name = Products;
			sourceTree = "<group>";
		};
		43C5016619F03CA800131F71 /* BNRHypnotiser */ = {
			isa = PBXGroup;
			children = (
				43C5019219F0742200131F71 /* mila-kunis-smile.jpg */,
				43C5018D19F03D2C00131F71 /* BNRHypnosisView.h */,
				43C5018E19F03D2C00131F71 /* BNRHypnosisView.m */,
				43C5016B19F03CA800131F71 /* AppDelegate.h */,
				43C5016C19F03CA800131F71 /* AppDelegate.m */,
				43C5017419F03CA800131F71 /* Images.xcassets */,
				43C5016719F03CA800131F71 /* Supporting Files */,
			);
			path = BNRHypnotiser;
			sourceTree = "<group>";
		};
		43C5016719F03CA800131F71 /* Supporting Files */ = {
			isa = PBXGroup;
			children = (
				43C5016819F03CA800131F71 /* Info.plist */,
				43C5016919F03CA800131F71 /* main.m */,
			);
			name = "Supporting Files";
			sourceTree = "<group>";
		};
		43C5018019F03CA800131F71 /* BNRHypnotiserTests */ = {
			isa = PBXGroup;
			children = (
				43C5018319F03CA800131F71 /* BNRHypnotiserTests.m */,
				43C5018119F03CA800131F71 /* Supporting Files */,
			);
			path = BNRHypnotiserTests;
			sourceTree = "<group>";
		};
		43C5018119F03CA800131F71 /* Supporting Files */ = {
			isa = PBXGroup;
			children = (
				43C5018219F03CA800131F71 /* Info.plist */,
			);
			name = "Supporting Files";
			sourceTree = "<group>";
		};
/* End PBXGroup section */

/* Begin PBXNativeTarget section */
		43C5016319F03CA700131F71 /* BNRHypnotiser */ = {
			isa = PBXNativeTarget;
			buildConfigurationList = 43C5018719F03CA800131F71 /* Build configuration list for PBXNativeTarget "BNRHypnotiser" */;
			buildPhases = (
				43C5016019F03CA700131F71 /* Sources */,
				43C5016119F03CA700131F71 /* Frameworks */,
				43C5016219F03CA700131F71 /* Resources */,
			);
			buildRules = (
			);
			dependencies = (
			);
			name = BNRHypnotiser;
			productName = BNRHypnotiser;
			productReference = 43C5016419F03CA800131F71 /* BNRHypnotiser.app */;
			productType = "com.apple.product-type.application";
		};
		43C5017C19F03CA800131F71 /* BNRHypnotiserTests */ = {
			isa = PBXNativeTarget;
			buildConfigurationList = 43C5018A19F03CA800131F71 /* Build configuration list for PBXNativeTarget "BNRHypnotiserTests" */;
			buildPhases = (
				43C5017919F03CA800131F71 /* Sources */,
				43C5017A19F03CA800131F71 /* Frameworks */,
				43C5017B19F03CA800131F71 /* Resources */,
			);
			buildRules = (
			);
			dependencies = (
				43C5017F19F03CA800131F71 /* PBXTargetDependency */,
			);
			name = BNRHypnotiserTests;
			productName = BNRHypnotiserTests;
			productReference = 43C5017D19F03CA800131F71 /* BNRHypnotiserTests.xctest */;
			productType = "com.apple.product-type.bundle.unit-test";
		};
/* End PBXNativeTarget section */

/* Begin PBXProject section */
		43C5015C19F03CA700131F71 /* Project object */ = {
			isa = PBXProject;
			attributes = {
				LastUpgradeCheck = 0600;
				ORGANIZATIONNAME = "Black Rail Capital";
				TargetAttributes = {
					43C5016319F03CA700131F71 = {
						CreatedOnToolsVersion = 6.0.1;
					};
					43C5017C19F03CA800131F71 = {
						CreatedOnToolsVersion = 6.0.1;
						TestTargetID = 43C5016319F03CA700131F71;
					};
				};
			};
			buildConfigurationList = 43C5015F19F03CA700131F71 /* Build configuration list for PBXProject "BNRHypnotiser" */;
			compatibilityVersion = "Xcode 3.2";
			developmentRegion = English;
			hasScannedForEncodings = 0;
			knownRegions = (
				en,
				Base,
			);
			mainGroup = 43C5015B19F03CA700131F71;
			productRefGroup = 43C5016519F03CA800131F71 /* Products */;
			projectDirPath = "";
			projectRoot = "";
			targets = (
				43C5016319F03CA700131F71 /* BNRHypnotiser */,
				43C5017C19F03CA800131F71 /* BNRHypnotiserTests */,
			);
		};
/* End PBXProject section */

/* Begin PBXResourcesBuildPhase section */
		43C5016219F03CA700131F71 /* Resources */ = {
			isa = PBXResourcesBuildPhase;
			buildActionMask = 2147483647;
			files = (
				43C5019319F0742200131F71 /* mila-kunis-smile.jpg in Resources */,
				43C5017519F03CA800131F71 /* Images.xcassets in Resources */,
				43C5019119F03DF000131F71 /* Default-568h@2x.png in Resources */,
			);
			runOnlyForDeploymentPostprocessing = 0;
		};
		43C5017B19F03CA800131F71 /* Resources */ = {
			isa = PBXResourcesBuildPhase;
			buildActionMask = 2147483647;
			files = (
			);
			runOnlyForDeploymentPostprocessing = 0;
		};
/* End PBXResourcesBuildPhase section */

/* Begin PBXSourcesBuildPhase section */
		43C5016019F03CA700131F71 /* Sources */ = {
			isa = PBXSourcesBuildPhase;
			buildActionMask = 2147483647;
			files = (
				43C5016D19F03CA800131F71 /* AppDelegate.m in Sources */,
				43C5016A19F03CA800131F71 /* main.m in Sources */,
				43C5018F19F03D2C00131F71 /* BNRHypnosisView.m in Sources */,
			);
			runOnlyForDeploymentPostprocessing = 0;
		};
		43C5017919F03CA800131F71 /* Sources */ = {
			isa = PBXSourcesBuildPhase;
			buildActionMask = 2147483647;
			files = (
				43C5018419F03CA800131F71 /* BNRHypnotiserTests.m in Sources */,
			);
			runOnlyForDeploymentPostprocessing = 0;
		};
/* End PBXSourcesBuildPhase section */

/* Begin PBXTargetDependency section */
		43C5017F19F03CA800131F71 /* PBXTargetDependency */ = {
			isa = PBXTargetDependency;
			target = 43C5016319F03CA700131F71 /* BNRHypnotiser */;
			targetProxy = 43C5017E19F03CA800131F71 /* PBXContainerItemProxy */;
		};
/* End PBXTargetDependency section */

/* Begin XCBuildConfiguration section */
		43C5018519F03CA800131F71 /* Debug */ = {
			isa = XCBuildConfiguration;
			buildSettings = {
				ALWAYS_SEARCH_USER_PATHS = NO;
				CLANG_CXX_LANGUAGE_STANDARD = "gnu++0x";
				CLANG_CXX_LIBRARY = "libc++";
				CLANG_ENABLE_MODULES = YES;
				CLANG_ENABLE_OBJC_ARC = YES;
				CLANG_WARN_BOOL_CONVERSION = YES;
				CLANG_WARN_CONSTANT_CONVERSION = YES;
				CLANG_WARN_DIRECT_OBJC_ISA_USAGE = YES_ERROR;
				CLANG_WARN_EMPTY_BODY = YES;
				CLANG_WARN_ENUM_CONVERSION = YES;
				CLANG_WARN_INT_CONVERSION = YES;
				CLANG_WARN_OBJC_ROOT_CLASS = YES_ERROR;
				CLANG_WARN_UNREACHABLE_CODE = YES;
				CLANG_WARN__DUPLICATE_METHOD_MATCH = YES;
				"CODE_SIGN_IDENTITY[sdk=iphoneos*]" = "iPhone Developer";
				COPY_PHASE_STRIP = NO;
				ENABLE_STRICT_OBJC_MSGSEND = YES;
				GCC_C_LANGUAGE_STANDARD = gnu99;
				GCC_DYNAMIC_NO_PIC = NO;
				GCC_OPTIMIZATION_LEVEL = 0;
				GCC_PREPROCESSOR_DEFINITIONS = (
					"DEBUG=1",
					"$(inherited)",
				);
				GCC_SYMBOLS_PRIVATE_EXTERN = NO;
				GCC_WARN_64_TO_32_BIT_CONVERSION = YES;
				GCC_WARN_ABOUT_RETURN_TYPE = YES_ERROR;
				GCC_WARN_UNDECLARED_SELECTOR = YES;
				GCC_WARN_UNINITIALIZED_AUTOS = YES_AGGRESSIVE;
				GCC_WARN_UNUSED_FUNCTION = YES;
				GCC_WARN_UNUSED_VARIABLE = YES;
				IPHONEOS_DEPLOYMENT_TARGET = 8.0;
				MTL_ENABLE_DEBUG_INFO = YES;
				ONLY_ACTIVE_ARCH = YES;
				SDKROOT = iphoneos;
			};
			name = Debug;
		};
		43C5018619F03CA800131F71 /* Release */ = {
			isa = XCBuildConfiguration;
			buildSettings = {
				ALWAYS_SEARCH_USER_PATHS = NO;
				CLANG_CXX_LANGUAGE_STANDARD = "gnu++0x";
				CLANG_CXX_LIBRARY = "libc++";
				CLANG_ENABLE_MODULES = YES;
				CLANG_ENABLE_OBJC_ARC = YES;
				CLANG_WARN_BOOL_CONVERSION = YES;
				CLANG_WARN_CONSTANT_CONVERSION = YES;
				CLANG_WARN_DIRECT_OBJC_ISA_USAGE = YES_ERROR;
				CLANG_WARN_EMPTY_BODY = YES;
				CLANG_WARN_ENUM_CONVERSION = YES;
				CLANG_WARN_INT_CONVERSION = YES;
				CLANG_WARN_OBJC_ROOT_CLASS = YES_ERROR;
				CLANG_WARN_UNREACHABLE_CODE = YES;
				CLANG_WARN__DUPLICATE_METHOD_MATCH = YES;
				"CODE_SIGN_IDENTITY[sdk=iphoneos*]" = "iPhone Developer";
				COPY_PHASE_STRIP = YES;
				ENABLE_NS_ASSERTIONS = NO;
				ENABLE_STRICT_OBJC_MSGSEND = YES;
				GCC_C_LANGUAGE_STANDARD = gnu99;
				GCC_WARN_64_TO_32_BIT_CONVERSION = YES;
				GCC_WARN_ABOUT_RETURN_TYPE = YES_ERROR;
				GCC_WARN_UNDECLARED_SELECTOR = YES;
				GCC_WARN_UNINITIALIZED_AUTOS = YES_AGGRESSIVE;
				GCC_WARN_UNUSED_FUNCTION = YES;
				GCC_WARN_UNUSED_VARIABLE = YES;
				IPHONEOS_DEPLOYMENT_TARGET = 8.0;
				MTL_ENABLE_DEBUG_INFO = NO;
				SDKROOT = iphoneos;
				VALIDATE_PRODUCT = YES;
			};
			name = Release;
		};
		43C5018819F03CA800131F71 /* Debug */ = {
			isa = XCBuildConfiguration;
			buildSettings = {
				INFOPLIST_FILE = BNRHypnotiser/Info.plist;
				LD_RUNPATH_SEARCH_PATHS = "$(inherited) @executable_path/Frameworks";
				PRODUCT_NAME = "$(TARGET_NAME)";
			};
			name = Debug;
		};
		43C5018919F03CA800131F71 /* Release */ = {
			isa = XCBuildConfiguration;
			buildSettings = {
				INFOPLIST_FILE = BNRHypnotiser/Info.plist;
				LD_RUNPATH_SEARCH_PATHS = "$(inherited) @executable_path/Frameworks";
				PRODUCT_NAME = "$(TARGET_NAME)";
			};
			name = Release;
		};
		43C5018B19F03CA800131F71 /* Debug */ = {
			isa = XCBuildConfiguration;
			buildSettings = {
				BUNDLE_LOADER = "$(TEST_HOST)";
				FRAMEWORK_SEARCH_PATHS = (
					"$(SDKROOT)/Developer/Library/Frameworks",
					"$(inherited)",
				);
				GCC_PREPROCESSOR_DEFINITIONS = (
					"DEBUG=1",
					"$(inherited)",
				);
				INFOPLIST_FILE = BNRHypnotiserTests/Info.plist;
				LD_RUNPATH_SEARCH_PATHS = "$(inherited) @executable_path/Frameworks @loader_path/Frameworks";
				PRODUCT_NAME = "$(TARGET_NAME)";
				TEST_HOST = "$(BUILT_PRODUCTS_DIR)/BNRHypnotiser.app/BNRHypnotiser";
			};
			name = Debug;
		};
		43C5018C19F03CA800131F71 /* Release */ = {
			isa = XCBuildConfiguration;
			buildSettings = {
				BUNDLE_LOADER = "$(TEST_HOST)";
				FRAMEWORK_SEARCH_PATHS = (
					"$(SDKROOT)/Developer/Library/Frameworks",
					"$(inherited)",
				);
				INFOPLIST_FILE = BNRHypnotiserTests/Info.plist;
				LD_RUNPATH_SEARCH_PATHS = "$(inherited) @executable_path/Frameworks @loader_path/Frameworks";
				PRODUCT_NAME = "$(TARGET_NAME)";
				TEST_HOST = "$(BUILT_PRODUCTS_DIR)/BNRHypnotiser.app/BNRHypnotiser";
			};
			name = Release;
		};
/* End XCBuildConfiguration section */

/* Begin XCConfigurationList section */
		43C5015F19F03CA700131F71 /* Build configuration list for PBXProject "BNRHypnotiser" */ = {
			isa = XCConfigurationList;
			buildConfigurations = (
				43C5018519F03CA800131F71 /* Debug */,
				43C5018619F03CA800131F71 /* Release */,
			);
			defaultConfigurationIsVisible = 0;
			defaultConfigurationName = Release;
		};
		43C5018719F03CA800131F71 /* Build configuration list for PBXNativeTarget "BNRHypnotiser" */ = {
			isa = XCConfigurationList;
			buildConfigurations = (
				43C5018819F03CA800131F71 /* Debug */,
				43C5018919F03CA800131F71 /* Release */,
			);
			defaultConfigurationIsVisible = 0;
		};
		43C5018A19F03CA800131F71 /* Build configuration list for PBXNativeTarget "BNRHypnotiserTests" */ = {
			isa = XCConfigurationList;
			buildConfigurations = (
				43C5018B19F03CA800131F71 /* Debug */,
				43C5018C19F03CA800131F71 /* Release */,
			);
			defaultConfigurationIsVisible = 0;
		};
/* End XCConfigurationList section */
	};
	rootObject = 43C5015C19F03CA700131F71 /* Project object */;
}
